
Microsoft Visual Studio Solution File, Format Version 12.00
# Visual Studio 15
VisualStudioVersion = 15.0.27428.2015
MinimumVisualStudioVersion = 10.0.40219.1
Project("{FAE04EC0-301F-11D3-BF4B-00C04F79EFBC}") = "BIHCENTER", "BIHCENTER\BIHCENTER.csproj", "{D496C737-A40F-47DE-86F9-7A3E264C8A94}"
EndProject
Global
	GlobalSection(SolutionConfigurationPlatforms) = preSolution
		Debug|Any CPU = Debug|Any CPU
		Release|Any CPU = Release|Any CPU
	EndGlobalSection
	GlobalSection(ProjectConfigurationPlatforms) = postSolution
		{D496C737-A40F-47DE-86F9-7A3E264C8A94}.Debug|Any CPU.ActiveCfg = Debug|Any CPU
		{D496C737-A40F-47DE-86F9-7A3E264C8A94}.Debug|Any CPU.Build.0 = Debug|Any CPU
		{D496C737-A40F-47DE-86F9-7A3E264C8A94}.Release|Any CPU.ActiveCfg = Release|Any CPU
		{D496C737-A40F-47DE-86F9-7A3E264C8A94}.Release|Any CPU.Build.0 = Release|Any CPU
	EndGlobalSection
	GlobalSection(SolutionProperties) = preSolution
		HideSolutionNode = FALSE
	EndGlobalSection
	GlobalSection(ExtensibilityGlobals) = postSolution
		SolutionGuid = {B75300BA-158F-410D-97E1-C0D8F4CA8573}
	EndGlobalSection
EndGlobal
